// !$*UTF8*$!
{
	archiveVersion = 1;
	classes = {
	};
	objectVersion = 55;
	objects = {

/* Begin PBXBuildFile section */
		608C753728A91874004173EF /* Alamofire in Frameworks */ = {isa = PBXBuildFile; productRef = 608C753628A91874004173EF /* Alamofire */; };
		608C753B28A926E1004173EF /* WeatherForecast.swift in Sources */ = {isa = PBXBuildFile; fileRef = 608C753A28A926E1004173EF /* WeatherForecast.swift */; };
		608C754028A9B076004173EF /* SwiftyJSON in Frameworks */ = {isa = PBXBuildFile; productRef = 608C753F28A9B076004173EF /* SwiftyJSON */; };
		608C754328AA1FBF004173EF /* AlertToast in Frameworks */ = {isa = PBXBuildFile; productRef = 608C754228AA1FBF004173EF /* AlertToast */; };
		608C754928AA5CF2004173EF /* Alerts.storyboard in Resources */ = {isa = PBXBuildFile; fileRef = 608C754828AA5CF2004173EF /* Alerts.storyboard */; };
		608C754B28AA5D4E004173EF /* AlertVC.swift in Sources */ = {isa = PBXBuildFile; fileRef = 608C754A28AA5D4E004173EF /* AlertVC.swift */; };
		60F1513528A82D4100BC370F /* AppDelegate.swift in Sources */ = {isa = PBXBuildFile; fileRef = 60F1513428A82D4100BC370F /* AppDelegate.swift */; };
		60F1513728A82D4100BC370F /* SceneDelegate.swift in Sources */ = {isa = PBXBuildFile; fileRef = 60F1513628A82D4100BC370F /* SceneDelegate.swift */; };
		60F1513928A82D4100BC370F /* MainVC.swift in Sources */ = {isa = PBXBuildFile; fileRef = 60F1513828A82D4100BC370F /* MainVC.swift */; };
		60F1513C28A82D4100BC370F /* Main.storyboard in Resources */ = {isa = PBXBuildFile; fileRef = 60F1513A28A82D4100BC370F /* Main.storyboard */; };
		60F1513E28A82D4500BC370F /* Assets.xcassets in Resources */ = {isa = PBXBuildFile; fileRef = 60F1513D28A82D4500BC370F /* Assets.xcassets */; };
		60F1514128A82D4500BC370F /* LaunchScreen.storyboard in Resources */ = {isa = PBXBuildFile; fileRef = 60F1513F28A82D4500BC370F /* LaunchScreen.storyboard */; };
		60F1514E28A8560600BC370F /* DetailsVC.swift in Sources */ = {isa = PBXBuildFile; fileRef = 60F1514D28A8560600BC370F /* DetailsVC.swift */; };
/* End PBXBuildFile section */

/* Begin PBXFileReference section */
		608C753A28A926E1004173EF /* WeatherForecast.swift */ = {isa = PBXFileReference; lastKnownFileType = sourcecode.swift; path = WeatherForecast.swift; sourceTree = "<group>"; };
		608C754828AA5CF2004173EF /* Alerts.storyboard */ = {isa = PBXFileReference; lastKnownFileType = file.storyboard; path = Alerts.storyboard; sourceTree = "<group>"; };
		608C754A28AA5D4E004173EF /* AlertVC.swift */ = {isa = PBXFileReference; lastKnownFileType = sourcecode.swift; path = AlertVC.swift; sourceTree = "<group>"; };
		60F1513128A82D4100BC370F /* What Weather.app */ = {isa = PBXFileReference; explicitFileType = wrapper.application; includeInIndex = 0; path = "What Weather.app"; sourceTree = BUILT_PRODUCTS_DIR; };
		60F1513428A82D4100BC370F /* AppDelegate.swift */ = {isa = PBXFileReference; lastKnownFileType = sourcecode.swift; path = AppDelegate.swift; sourceTree = "<group>"; };
		60F1513628A82D4100BC370F /* SceneDelegate.swift */ = {isa = PBXFileReference; lastKnownFileType = sourcecode.swift; path = SceneDelegate.swift; sourceTree = "<group>"; };
		60F1513828A82D4100BC370F /* MainVC.swift */ = {isa = PBXFileReference; lastKnownFileType = sourcecode.swift; path = MainVC.swift; sourceTree = "<group>"; };
		60F1513B28A82D4100BC370F /* Base */ = {isa = PBXFileReference; lastKnownFileType = file.storyboard; name = Base; path = Base.lproj/Main.storyboard; sourceTree = "<group>"; };
		60F1513D28A82D4500BC370F /* Assets.xcassets */ = {isa = PBXFileReference; lastKnownFileType = folder.assetcatalog; path = Assets.xcassets; sourceTree = "<group>"; };
		60F1514028A82D4500BC370F /* Base */ = {isa = PBXFileReference; lastKnownFileType = file.storyboard; name = Base; path = Base.lproj/LaunchScreen.storyboard; sourceTree = "<group>"; };
		60F1514228A82D4500BC370F /* Info.plist */ = {isa = PBXFileReference; lastKnownFileType = text.plist.xml; path = Info.plist; sourceTree = "<group>"; };
		60F1514D28A8560600BC370F /* DetailsVC.swift */ = {isa = PBXFileReference; lastKnownFileType = sourcecode.swift; path = DetailsVC.swift; sourceTree = "<group>"; };
/* End PBXFileReference section */

/* Begin PBXFrameworksBuildPhase section */
		60F1512E28A82D4100BC370F /* Frameworks */ = {
			isa = PBXFrameworksBuildPhase;
			buildActionMask = 2147483647;
			files = (
				608C754328AA1FBF004173EF /* AlertToast in Frameworks */,
				608C754028A9B076004173EF /* SwiftyJSON in Frameworks */,
				608C753728A91874004173EF /* Alamofire in Frameworks */,
			);
			runOnlyForDeploymentPostprocessing = 0;
		};
/* End PBXFrameworksBuildPhase section */

/* Begin PBXGroup section */
		60F1512828A82D4100BC370F = {
			isa = PBXGroup;
			children = (
				60F1513328A82D4100BC370F /* What Weather */,
				60F1513228A82D4100BC370F /* Products */,
			);
			sourceTree = "<group>";
		};
		60F1513228A82D4100BC370F /* Products */ = {
			isa = PBXGroup;
			children = (
				60F1513128A82D4100BC370F /* What Weather.app */,
			);
			name = Products;
			sourceTree = "<group>";
		};
		60F1513328A82D4100BC370F /* What Weather */ = {
			isa = PBXGroup;
			children = (
				60F1514228A82D4500BC370F /* Info.plist */,
				60F1513D28A82D4500BC370F /* Assets.xcassets */,
				60F1514828A82D7D00BC370F /* Model */,
				60F1514A28A82D9300BC370F /* View */,
				60F1514928A82D8500BC370F /* Controller */,
				60F1514C28A82DDB00BC370F /* App */,
				608C754828AA5CF2004173EF /* Alerts.storyboard */,
				608C754A28AA5D4E004173EF /* AlertVC.swift */,
			);
			path = "What Weather";
			sourceTree = "<group>";
		};
		60F1514828A82D7D00BC370F /* Model */ = {
			isa = PBXGroup;
			children = (
				608C753A28A926E1004173EF /* WeatherForecast.swift */,
			);
			path = Model;
			sourceTree = "<group>";
		};
		60F1514928A82D8500BC370F /* Controller */ = {
			isa = PBXGroup;
			children = (
				60F1513828A82D4100BC370F /* MainVC.swift */,
				60F1514D28A8560600BC370F /* DetailsVC.swift */,
			);
			path = Controller;
			sourceTree = "<group>";
		};
		60F1514A28A82D9300BC370F /* View */ = {
			isa = PBXGroup;
			children = (
				60F1514B28A82DA300BC370F /* Storyboards */,
			);
			path = View;
			sourceTree = "<group>";
		};
		60F1514B28A82DA300BC370F /* Storyboards */ = {
			isa = PBXGroup;
			children = (
				60F1513A28A82D4100BC370F /* Main.storyboard */,
				60F1513F28A82D4500BC370F /* LaunchScreen.storyboard */,
			);
			path = Storyboards;
			sourceTree = "<group>";
		};
		60F1514C28A82DDB00BC370F /* App */ = {
			isa = PBXGroup;
			children = (
				60F1513628A82D4100BC370F /* SceneDelegate.swift */,
				60F1513428A82D4100BC370F /* AppDelegate.swift */,
			);
			path = App;
			sourceTree = "<group>";
		};
/* End PBXGroup section */

/* Begin PBXNativeTarget section */
		60F1513028A82D4100BC370F /* What Weather */ = {
			isa = PBXNativeTarget;
			buildConfigurationList = 60F1514528A82D4500BC370F /* Build configuration list for PBXNativeTarget "What Weather" */;
			buildPhases = (
				60F1512D28A82D4100BC370F /* Sources */,
				60F1512E28A82D4100BC370F /* Frameworks */,
				60F1512F28A82D4100BC370F /* Resources */,
			);
			buildRules = (
			);
			dependencies = (
			);
			name = "What Weather";
			packageProductDependencies = (
				608C753628A91874004173EF /* Alamofire */,
				608C753F28A9B076004173EF /* SwiftyJSON */,
				608C754228AA1FBF004173EF /* AlertToast */,
			);
			productName = "What Weather";
			productReference = 60F1513128A82D4100BC370F /* What Weather.app */;
			productType = "com.apple.product-type.application";
		};
/* End PBXNativeTarget section */

/* Begin PBXProject section */
		60F1512928A82D4100BC370F /* Project object */ = {
			isa = PBXProject;
			attributes = {
				BuildIndependentTargetsInParallel = 1;
				LastSwiftUpdateCheck = 1340;
				LastUpgradeCheck = 1340;
				TargetAttributes = {
					60F1513028A82D4100BC370F = {
						CreatedOnToolsVersion = 13.4.1;
					};
				};
			};
			buildConfigurationList = 60F1512C28A82D4100BC370F /* Build configuration list for PBXProject "What Weather" */;
			compatibilityVersion = "Xcode 13.0";
			developmentRegion = en;
			hasScannedForEncodings = 0;
			knownRegions = (
				en,
				Base,
			);
			mainGroup = 60F1512828A82D4100BC370F;
			packageReferences = (
				608C753528A91874004173EF /* XCRemoteSwiftPackageReference "Alamofire" */,
				608C753E28A9B075004173EF /* XCRemoteSwiftPackageReference "SwiftyJSON" */,
				608C754128AA1FBF004173EF /* XCRemoteSwiftPackageReference "AlertToast" */,
			);
			productRefGroup = 60F1513228A82D4100BC370F /* Products */;
			projectDirPath = "";
			projectRoot = "";
			targets = (
				60F1513028A82D4100BC370F /* What Weather */,
			);
		};
/* End PBXProject section */

/* Begin PBXResourcesBuildPhase section */
		60F1512F28A82D4100BC370F /* Resources */ = {
			isa = PBXResourcesBuildPhase;
			buildActionMask = 2147483647;
			files = (
				60F1514128A82D4500BC370F /* LaunchScreen.storyboard in Resources */,
				60F1513E28A82D4500BC370F /* Assets.xcassets in Resources */,
				60F1513C28A82D4100BC370F /* Main.storyboard in Resources */,
				608C754928AA5CF2004173EF /* Alerts.storyboard in Resources */,
			);
			runOnlyForDeploymentPostprocessing = 0;
		};
/* End PBXResourcesBuildPhase section */

/* Begin PBXSourcesBuildPhase section */
		60F1512D28A82D4100BC370F /* Sources */ = {
			isa = PBXSourcesBuildPhase;
			buildActionMask = 2147483647;
			files = (
				60F1513928A82D4100BC370F /* MainVC.swift in Sources */,
				60F1514E28A8560600BC370F /* DetailsVC.swift in Sources */,
				608C753B28A926E1004173EF /* WeatherForecast.swift in Sources */,
				608C754B28AA5D4E004173EF /* AlertVC.swift in Sources */,
				60F1513528A82D4100BC370F /* AppDelegate.swift in Sources */,
				60F1513728A82D4100BC370F /* SceneDelegate.swift in Sources */,
			);
			runOnlyForDeploymentPostprocessing = 0;
		};
/* End PBXSourcesBuildPhase section */

/* Begin PBXVariantGroup section */
		60F1513A28A82D4100BC370F /* Main.storyboard */ = {
			isa = PBXVariantGroup;
			children = (
				60F1513B28A82D4100BC370F /* Base */,
			);
			name = Main.storyboard;
			sourceTree = "<group>";
		};
		60F1513F28A82D4500BC370F /* LaunchScreen.storyboard */ = {
			isa = PBXVariantGroup;
			children = (
				60F1514028A82D4500BC370F /* Base */,
			);
			name = LaunchScreen.storyboard;
			sourceTree = "<group>";
		};
/* End PBXVariantGroup section */

/* Begin XCBuildConfiguration section */
		60F1514328A82D4500BC370F /* Debug */ = {
			isa = XCBuildConfiguration;
			buildSettings = {
				ALWAYS_SEARCH_USER_PATHS = NO;
				CLANG_ANALYZER_NONNULL = YES;
				CLANG_ANALYZER_NUMBER_OBJECT_CONVERSION = YES_AGGRESSIVE;
				CLANG_CXX_LANGUAGE_STANDARD = "gnu++17";
				CLANG_ENABLE_MODULES = YES;
				CLANG_ENABLE_OBJC_ARC = YES;
				CLANG_ENABLE_OBJC_WEAK = YES;
				CLANG_WARN_BLOCK_CAPTURE_AUTORELEASING = YES;
				CLANG_WARN_BOOL_CONVERSION = YES;
				CLANG_WARN_COMMA = YES;
				CLANG_WARN_CONSTANT_CONVERSION = YES;
				CLANG_WARN_DEPRECATED_OBJC_IMPLEMENTATIONS = YES;
				CLANG_WARN_DIRECT_OBJC_ISA_USAGE = YES_ERROR;
				CLANG_WARN_DOCUMENTATION_COMMENTS = YES;
				CLANG_WARN_EMPTY_BODY = YES;
				CLANG_WARN_ENUM_CONVERSION = YES;
				CLANG_WARN_INFINITE_RECURSION = YES;
				CLANG_WARN_INT_CONVERSION = YES;
				CLANG_WARN_NON_LITERAL_NULL_CONVERSION = YES;
				CLANG_WARN_OBJC_IMPLICIT_RETAIN_SELF = YES;
				CLANG_WARN_OBJC_LITERAL_CONVERSION = YES;
				CLANG_WARN_OBJC_ROOT_CLASS = YES_ERROR;
				CLANG_WARN_QUOTED_INCLUDE_IN_FRAMEWORK_HEADER = YES;
				CLANG_WARN_RANGE_LOOP_ANALYSIS = YES;
				CLANG_WARN_STRICT_PROTOTYPES = YES;
				CLANG_WARN_SUSPICIOUS_MOVE = YES;
				CLANG_WARN_UNGUARDED_AVAILABILITY = YES_AGGRESSIVE;
				CLANG_WARN_UNREACHABLE_CODE = YES;
				CLANG_WARN__DUPLICATE_METHOD_MATCH = YES;
				COPY_PHASE_STRIP = NO;
				DEBUG_INFORMATION_FORMAT = dwarf;
				ENABLE_STRICT_OBJC_MSGSEND = YES;
				ENABLE_TESTABILITY = YES;
				GCC_C_LANGUAGE_STANDARD = gnu11;
				GCC_DYNAMIC_NO_PIC = NO;
				GCC_NO_COMMON_BLOCKS = YES;
				GCC_OPTIMIZATION_LEVEL = 0;
				GCC_PREPROCESSOR_DEFINITIONS = (
					"DEBUG=1",
					"$(inherited)",
				);
				GCC_WARN_64_TO_32_BIT_CONVERSION = YES;
				GCC_WARN_ABOUT_RETURN_TYPE = YES_ERROR;
				GCC_WARN_UNDECLARED_SELECTOR = YES;
				GCC_WARN_UNINITIALIZED_AUTOS = YES_AGGRESSIVE;
				GCC_WARN_UNUSED_FUNCTION = YES;
				GCC_WARN_UNUSED_VARIABLE = YES;
				IPHONEOS_DEPLOYMENT_TARGET = 15.5;
				MTL_ENABLE_DEBUG_INFO = INCLUDE_SOURCE;
				MTL_FAST_MATH = YES;
				ONLY_ACTIVE_ARCH = YES;
				SDKROOT = iphoneos;
				SWIFT_ACTIVE_COMPILATION_CONDITIONS = DEBUG;
				SWIFT_OPTIMIZATION_LEVEL = "-Onone";
			};
			name = Debug;
		};
		60F1514428A82D4500BC370F /* Release */ = {
			isa = XCBuildConfiguration;
			buildSettings = {
				ALWAYS_SEARCH_USER_PATHS = NO;
				CLANG_ANALYZER_NONNULL = YES;
				CLANG_ANALYZER_NUMBER_OBJECT_CONVERSION = YES_AGGRESSIVE;
				CLANG_CXX_LANGUAGE_STANDARD = "gnu++17";
				CLANG_ENABLE_MODULES = YES;
				CLANG_ENABLE_OBJC_ARC = YES;
				CLANG_ENABLE_OBJC_WEAK = YES;
				CLANG_WARN_BLOCK_CAPTURE_AUTORELEASING = YES;
				CLANG_WARN_BOOL_CONVERSION = YES;
				CLANG_WARN_COMMA = YES;
				CLANG_WARN_CONSTANT_CONVERSION = YES;
				CLANG_WARN_DEPRECATED_OBJC_IMPLEMENTATIONS = YES;
				CLANG_WARN_DIRECT_OBJC_ISA_USAGE = YES_ERROR;
				CLANG_WARN_DOCUMENTATION_COMMENTS = YES;
				CLANG_WARN_EMPTY_BODY = YES;
				CLANG_WARN_ENUM_CONVERSION = YES;
				CLANG_WARN_INFINITE_RECURSION = YES;
				CLANG_WARN_INT_CONVERSION = YES;
				CLANG_WARN_NON_LITERAL_NULL_CONVERSION = YES;
				CLANG_WARN_OBJC_IMPLICIT_RETAIN_SELF = YES;
				CLANG_WARN_OBJC_LITERAL_CONVERSION = YES;
				CLANG_WARN_OBJC_ROOT_CLASS = YES_ERROR;
				CLANG_WARN_QUOTED_INCLUDE_IN_FRAMEWORK_HEADER = YES;
				CLANG_WARN_RANGE_LOOP_ANALYSIS = YES;
				CLANG_WARN_STRICT_PROTOTYPES = YES;
				CLANG_WARN_SUSPICIOUS_MOVE = YES;
				CLANG_WARN_UNGUARDED_AVAILABILITY = YES_AGGRESSIVE;
				CLANG_WARN_UNREACHABLE_CODE = YES;
				CLANG_WARN__DUPLICATE_METHOD_MATCH = YES;
				COPY_PHASE_STRIP = NO;
				DEBUG_INFORMATION_FORMAT = "dwarf-with-dsym";
				ENABLE_NS_ASSERTIONS = NO;
				ENABLE_STRICT_OBJC_MSGSEND = YES;
				GCC_C_LANGUAGE_STANDARD = gnu11;
				GCC_NO_COMMON_BLOCKS = YES;
				GCC_WARN_64_TO_32_BIT_CONVERSION = YES;
				GCC_WARN_ABOUT_RETURN_TYPE = YES_ERROR;
				GCC_WARN_UNDECLARED_SELECTOR = YES;
				GCC_WARN_UNINITIALIZED_AUTOS = YES_AGGRESSIVE;
				GCC_WARN_UNUSED_FUNCTION = YES;
				GCC_WARN_UNUSED_VARIABLE = YES;
				IPHONEOS_DEPLOYMENT_TARGET = 15.5;
				MTL_ENABLE_DEBUG_INFO = NO;
				MTL_FAST_MATH = YES;
				SDKROOT = iphoneos;
				SWIFT_COMPILATION_MODE = wholemodule;
				SWIFT_OPTIMIZATION_LEVEL = "-O";
				VALIDATE_PRODUCT = YES;
			};
			name = Release;
		};
		60F1514628A82D4500BC370F /* Debug */ = {
			isa = XCBuildConfiguration;
			buildSettings = {
				ASSETCATALOG_COMPILER_APPICON_NAME = AppIcon;
				ASSETCATALOG_COMPILER_GLOBAL_ACCENT_COLOR_NAME = AccentColor;
				CODE_SIGN_STYLE = Automatic;
				CURRENT_PROJECT_VERSION = 1;
				DEVELOPMENT_TEAM = R2HYM77JZB;
				GENERATE_INFOPLIST_FILE = YES;
				INFOPLIST_FILE = "What Weather/Info.plist";
				INFOPLIST_KEY_CFBundleDisplayName = "What Weather";
				INFOPLIST_KEY_UIApplicationSupportsIndirectInputEvents = YES;
				INFOPLIST_KEY_UILaunchStoryboardName = LaunchScreen;
				INFOPLIST_KEY_UIMainStoryboardFile = Main;
				INFOPLIST_KEY_UIStatusBarHidden = YES;
				INFOPLIST_KEY_UISupportedInterfaceOrientations_iPad = "UIInterfaceOrientationPortrait UIInterfaceOrientationPortraitUpsideDown UIInterfaceOrientationLandscapeLeft UIInterfaceOrientationLandscapeRight";
				INFOPLIST_KEY_UISupportedInterfaceOrientations_iPhone = "UIInterfaceOrientationPortrait UIInterfaceOrientationLandscapeLeft UIInterfaceOrientationLandscapeRight";
				IPHONEOS_DEPLOYMENT_TARGET = 13.5;
				LD_RUNPATH_SEARCH_PATHS = (
					"$(inherited)",
					"@executable_path/Frameworks",
				);
				MARKETING_VERSION = 1.0;
				PRODUCT_BUNDLE_IDENTIFIER = "com.burakaltunoluk.whatWeather.What-Weather";
				PRODUCT_NAME = "$(TARGET_NAME)";
				SWIFT_EMIT_LOC_STRINGS = YES;
				SWIFT_VERSION = 5.0;
				TARGETED_DEVICE_FAMILY = 1;
			};
			name = Debug;
		};
		60F1514728A82D4500BC370F /* Release */ = {
			isa = XCBuildConfiguration;
			buildSettings = {
				ASSETCATALOG_COMPILER_APPICON_NAME = AppIcon;
				ASSETCATALOG_COMPILER_GLOBAL_ACCENT_COLOR_NAME = AccentColor;
				CODE_SIGN_STYLE = Automatic;
				CURRENT_PROJECT_VERSION = 1;
				DEVELOPMENT_TEAM = R2HYM77JZB;
				GENERATE_INFOPLIST_FILE = YES;
				INFOPLIST_FILE = "What Weather/Info.plist";
				INFOPLIST_KEY_CFBundleDisplayName = "What Weather";
				INFOPLIST_KEY_UIApplicationSupportsIndirectInputEvents = YES;
				INFOPLIST_KEY_UILaunchStoryboardName = LaunchScreen;
				INFOPLIST_KEY_UIMainStoryboardFile = Main;
				INFOPLIST_KEY_UIStatusBarHidden = YES;
				INFOPLIST_KEY_UISupportedInterfaceOrientations_iPad = "UIInterfaceOrientationPortrait UIInterfaceOrientationPortraitUpsideDown UIInterfaceOrientationLandscapeLeft UIInterfaceOrientationLandscapeRight";
				INFOPLIST_KEY_UISupportedInterfaceOrientations_iPhone = "UIInterfaceOrientationPortrait UIInterfaceOrientationLandscapeLeft UIInterfaceOrientationLandscapeRight";
				IPHONEOS_DEPLOYMENT_TARGET = 13.5;
				LD_RUNPATH_SEARCH_PATHS = (
					"$(inherited)",
					"@executable_path/Frameworks",
				);
				MARKETING_VERSION = 1.0;
				PRODUCT_BUNDLE_IDENTIFIER = "com.burakaltunoluk.whatWeather.What-Weather";
				PRODUCT_NAME = "$(TARGET_NAME)";
				SWIFT_EMIT_LOC_STRINGS = YES;
				SWIFT_VERSION = 5.0;
				TARGETED_DEVICE_FAMILY = 1;
			};
			name = Release;
		};
/* End XCBuildConfiguration section */

/* Begin XCConfigurationList section */
		60F1512C28A82D4100BC370F /* Build configuration list for PBXProject "What Weather" */ = {
			isa = XCConfigurationList;
			buildConfigurations = (
				60F1514328A82D4500BC370F /* Debug */,
				60F1514428A82D4500BC370F /* Release */,
			);
			defaultConfigurationIsVisible = 0;
			defaultConfigurationName = Release;
		};
		60F1514528A82D4500BC370F /* Build configuration list for PBXNativeTarget "What Weather" */ = {
			isa = XCConfigurationList;
			buildConfigurations = (
				60F1514628A82D4500BC370F /* Debug */,
				60F1514728A82D4500BC370F /* Release */,
			);
			defaultConfigurationIsVisible = 0;
			defaultConfigurationName = Release;
		};
/* End XCConfigurationList section */

/* Begin XCRemoteSwiftPackageReference section */
		608C753528A91874004173EF /* XCRemoteSwiftPackageReference "Alamofire" */ = {
			isa = XCRemoteSwiftPackageReference;
			repositoryURL = "https://github.com/Alamofire/Alamofire.git";
			requirement = {
				kind = upToNextMajorVersion;
				minimumVersion = 5.0.0;
			};
		};
		608C753E28A9B075004173EF /* XCRemoteSwiftPackageReference "SwiftyJSON" */ = {
			isa = XCRemoteSwiftPackageReference;
			repositoryURL = "https://github.com/SwiftyJSON/SwiftyJSON.git";
			requirement = {
				kind = upToNextMajorVersion;
				minimumVersion = 5.0.0;
			};
		};
		608C754128AA1FBF004173EF /* XCRemoteSwiftPackageReference "AlertToast" */ = {
			isa = XCRemoteSwiftPackageReference;
			repositoryURL = "https://github.com/elai950/AlertToast#usage-example-with-regular-alert";
			requirement = {
				kind = upToNextMajorVersion;
				minimumVersion = 1.0.0;
			};
		};
/* End XCRemoteSwiftPackageReference section */

/* Begin XCSwiftPackageProductDependency section */
		608C753628A91874004173EF /* Alamofire */ = {
			isa = XCSwiftPackageProductDependency;
			package = 608C753528A91874004173EF /* XCRemoteSwiftPackageReference "Alamofire" */;
			productName = Alamofire;
		};
		608C753F28A9B076004173EF /* SwiftyJSON */ = {
			isa = XCSwiftPackageProductDependency;
			package = 608C753E28A9B075004173EF /* XCRemoteSwiftPackageReference "SwiftyJSON" */;
			productName = SwiftyJSON;
		};
		608C754228AA1FBF004173EF /* AlertToast */ = {
			isa = XCSwiftPackageProductDependency;
			package = 608C754128AA1FBF004173EF /* XCRemoteSwiftPackageReference "AlertToast" */;
			productName = AlertToast;
		};
/* End XCSwiftPackageProductDependency section */
	};
	rootObject = 60F1512928A82D4100BC370F /* Project object */;
}
